
Microsoft Visual Studio Solution File, Format Version 12.00
# Visual Studio Version 16
VisualStudioVersion = 16.0.29403.142
MinimumVisualStudioVersion = 10.0.40219.1
Project("{FAE04EC0-301F-11D3-BF4B-00C04F79EFBC}") = "ObserverDesignPattern", "ObserverDesignPattern\ObserverDesignPattern.csproj", "{AD0E03E4-57DD-424E-BCED-CD9EE02F6146}"
EndProject
Global
	GlobalSection(SolutionConfigurationPlatforms) = preSolution
		Debug|Any CPU = Debug|Any CPU
		Release|Any CPU = Release|Any CPU
	EndGlobalSection
	GlobalSection(ProjectConfigurationPlatforms) = postSolution
		{AD0E03E4-57DD-424E-BCED-CD9EE02F6146}.Debug|Any CPU.ActiveCfg = Debug|Any CPU
		{AD0E03E4-57DD-424E-BCED-CD9EE02F6146}.Debug|Any CPU.Build.0 = Debug|Any CPU
		{AD0E03E4-57DD-424E-BCED-CD9EE02F6146}.Release|Any CPU.ActiveCfg = Release|Any CPU
		{AD0E03E4-57DD-424E-BCED-CD9EE02F6146}.Release|Any CPU.Build.0 = Release|Any CPU
	EndGlobalSection
	GlobalSection(SolutionProperties) = preSolution
		HideSolutionNode = FALSE
	EndGlobalSection
	GlobalSection(ExtensibilityGlobals) = postSolution
		SolutionGuid = {30EAAFF7-6356-4AAC-8813-EDD797977A3B}
	EndGlobalSection
EndGlobal
